
Microsoft Visual Studio Solution File, Format Version 12.00
# Visual Studio 15
VisualStudioVersion = 15.0.28010.2036
MinimumVisualStudioVersion = 10.0.40219.1
Project("{FAE04EC0-301F-11D3-BF4B-00C04F79EFBC}") = "CalculatorAndroid.Android", "CalculatorAndroid\CalculatorAndroid.Android\CalculatorAndroid.Android.csproj", "{37DCE939-011D-4223-B7D9-0DA75A48DEFD}"
EndProject
Project("{FAE04EC0-301F-11D3-BF4B-00C04F79EFBC}") = "CalculatorAndroid.iOS", "CalculatorAndroid\CalculatorAndroid.iOS\CalculatorAndroid.iOS.csproj", "{339C1BCE-3D13-4D33-9EA7-08CF345D80E1}"
EndProject
Project("{FAE04EC0-301F-11D3-BF4B-00C04F79EFBC}") = "CalculatorAndroid.UWP", "CalculatorAndroid\CalculatorAndroid.UWP\CalculatorAndroid.UWP.csproj", "{24767125-09EC-4321-89B4-F62673AD6C9F}"
EndProject
Project("{FAE04EC0-301F-11D3-BF4B-00C04F79EFBC}") = "CalculatorAndroid", "CalculatorAndroid\CalculatorAndroid\CalculatorAndroid.csproj", "{FF329EFC-C388-48BF-B321-EA84478B60BB}"
EndProject
Global
	GlobalSection(SolutionConfigurationPlatforms) = preSolution
		Ad-Hoc|Any CPU = Ad-Hoc|Any CPU
		Ad-Hoc|ARM = Ad-Hoc|ARM
		Ad-Hoc|iPhone = Ad-Hoc|iPhone
		Ad-Hoc|iPhoneSimulator = Ad-Hoc|iPhoneSimulator
		Ad-Hoc|x64 = Ad-Hoc|x64
		Ad-Hoc|x86 = Ad-Hoc|x86
		AppStore|Any CPU = AppStore|Any CPU
		AppStore|ARM = AppStore|ARM
		AppStore|iPhone = AppStore|iPhone
		AppStore|iPhoneSimulator = AppStore|iPhoneSimulator
		AppStore|x64 = AppStore|x64
		AppStore|x86 = AppStore|x86
		Debug|Any CPU = Debug|Any CPU
		Debug|ARM = Debug|ARM
		Debug|iPhone = Debug|iPhone
		Debug|iPhoneSimulator = Debug|iPhoneSimulator
		Debug|x64 = Debug|x64
		Debug|x86 = Debug|x86
		Release|Any CPU = Release|Any CPU
		Release|ARM = Release|ARM
		Release|iPhone = Release|iPhone
		Release|iPhoneSimulator = Release|iPhoneSimulator
		Release|x64 = Release|x64
		Release|x86 = Release|x86
	EndGlobalSection
	GlobalSection(ProjectConfigurationPlatforms) = postSolution
		{37DCE939-011D-4223-B7D9-0DA75A48DEFD}.Ad-Hoc|Any CPU.ActiveCfg = Release|Any CPU
		{37DCE939-011D-4223-B7D9-0DA75A48DEFD}.Ad-Hoc|Any CPU.Build.0 = Release|Any CPU
		{37DCE939-011D-4223-B7D9-0DA75A48DEFD}.Ad-Hoc|Any CPU.Deploy.0 = Release|Any CPU
		{37DCE939-011D-4223-B7D9-0DA75A48DEFD}.Ad-Hoc|ARM.ActiveCfg = Release|Any CPU
		{37DCE939-011D-4223-B7D9-0DA75A48DEFD}.Ad-Hoc|ARM.Build.0 = Release|Any CPU
		{37DCE939-011D-4223-B7D9-0DA75A48DEFD}.Ad-Hoc|ARM.Deploy.0 = Release|Any CPU
		{37DCE939-011D-4223-B7D9-0DA75A48DEFD}.Ad-Hoc|iPhone.ActiveCfg = Release|Any CPU
		{37DCE939-011D-4223-B7D9-0DA75A48DEFD}.Ad-Hoc|iPhone.Build.0 = Release|Any CPU
		{37DCE939-011D-4223-B7D9-0DA75A48DEFD}.Ad-Hoc|iPhone.Deploy.0 = Release|Any CPU
		{37DCE939-011D-4223-B7D9-0DA75A48DEFD}.Ad-Hoc|iPhoneSimulator.ActiveCfg = Release|Any CPU
		{37DCE939-011D-4223-B7D9-0DA75A48DEFD}.Ad-Hoc|iPhoneSimulator.Build.0 = Release|Any CPU
		{37DCE939-011D-4223-B7D9-0DA75A48DEFD}.Ad-Hoc|iPhoneSimulator.Deploy.0 = Release|Any CPU
		{37DCE939-011D-4223-B7D9-0DA75A48DEFD}.Ad-Hoc|x64.ActiveCfg = Release|Any CPU
		{37DCE939-011D-4223-B7D9-0DA75A48DEFD}.Ad-Hoc|x64.Build.0 = Release|Any CPU
		{37DCE939-011D-4223-B7D9-0DA75A48DEFD}.Ad-Hoc|x64.Deploy.0 = Release|Any CPU
		{37DCE939-011D-4223-B7D9-0DA75A48DEFD}.Ad-Hoc|x86.ActiveCfg = Release|Any CPU
		{37DCE939-011D-4223-B7D9-0DA75A48DEFD}.Ad-Hoc|x86.Build.0 = Release|Any CPU
		{37DCE939-011D-4223-B7D9-0DA75A48DEFD}.Ad-Hoc|x86.Deploy.0 = Release|Any CPU
		{37DCE939-011D-4223-B7D9-0DA75A48DEFD}.AppStore|Any CPU.ActiveCfg = Release|Any CPU
		{37DCE939-011D-4223-B7D9-0DA75A48DEFD}.AppStore|Any CPU.Build.0 = Release|Any CPU
		{37DCE939-011D-4223-B7D9-0DA75A48DEFD}.AppStore|Any CPU.Deploy.0 = Release|Any CPU
		{37DCE939-011D-4223-B7D9-0DA75A48DEFD}.AppStore|ARM.ActiveCfg = Release|Any CPU
		{37DCE939-011D-4223-B7D9-0DA75A48DEFD}.AppStore|ARM.Build.0 = Release|Any CPU
		{37DCE939-011D-4223-B7D9-0DA75A48DEFD}.AppStore|ARM.Deploy.0 = Release|Any CPU
		{37DCE939-011D-4223-B7D9-0DA75A48DEFD}.AppStore|iPhone.ActiveCfg = Release|Any CPU
		{37DCE939-011D-4223-B7D9-0DA75A48DEFD}.AppStore|iPhone.Build.0 = Release|Any CPU
		{37DCE939-011D-4223-B7D9-0DA75A48DEFD}.AppStore|iPhone.Deploy.0 = Release|Any CPU
		{37DCE939-011D-4223-B7D9-0DA75A48DEFD}.AppStore|iPhoneSimulator.ActiveCfg = Release|Any CPU
		{37DCE939-011D-4223-B7D9-0DA75A48DEFD}.AppStore|iPhoneSimulator.Build.0 = Release|Any CPU
		{37DCE939-011D-4223-B7D9-0DA75A48DEFD}.AppStore|iPhoneSimulator.Deploy.0 = Release|Any CPU
		{37DCE939-011D-4223-B7D9-0DA75A48DEFD}.AppStore|x64.ActiveCfg = Release|Any CPU
		{37DCE939-011D-4223-B7D9-0DA75A48DEFD}.AppStore|x64.Build.0 = Release|Any CPU
		{37DCE939-011D-4223-B7D9-0DA75A48DEFD}.AppStore|x64.Deploy.0 = Release|Any CPU
		{37DCE939-011D-4223-B7D9-0DA75A48DEFD}.AppStore|x86.ActiveCfg = Release|Any CPU
		{37DCE939-011D-4223-B7D9-0DA75A48DEFD}.AppStore|x86.Build.0 = Release|Any CPU
		{37DCE939-011D-4223-B7D9-0DA75A48DEFD}.AppStore|x86.Deploy.0 = Release|Any CPU
		{37DCE939-011D-4223-B7D9-0DA75A48DEFD}.Debug|Any CPU.ActiveCfg = Debug|Any CPU
		{37DCE939-011D-4223-B7D9-0DA75A48DEFD}.Debug|Any CPU.Build.0 = Debug|Any CPU
		{37DCE939-011D-4223-B7D9-0DA75A48DEFD}.Debug|Any CPU.Deploy.0 = Debug|Any CPU
		{37DCE939-011D-4223-B7D9-0DA75A48DEFD}.Debug|ARM.ActiveCfg = Debug|Any CPU
		{37DCE939-011D-4223-B7D9-0DA75A48DEFD}.Debug|ARM.Build.0 = Debug|Any CPU
		{37DCE939-011D-4223-B7D9-0DA75A48DEFD}.Debug|ARM.Deploy.0 = Debug|Any CPU
		{37DCE939-011D-4223-B7D9-0DA75A48DEFD}.Debug|iPhone.ActiveCfg = Debug|Any CPU
		{37DCE939-011D-4223-B7D9-0DA75A48DEFD}.Debug|iPhone.Build.0 = Debug|Any CPU
		{37DCE939-011D-4223-B7D9-0DA75A48DEFD}.Debug|iPhone.Deploy.0 = Debug|Any CPU
		{37DCE939-011D-4223-B7D9-0DA75A48DEFD}.Debug|iPhoneSimulator.ActiveCfg = Debug|Any CPU
		{37DCE939-011D-4223-B7D9-0DA75A48DEFD}.Debug|iPhoneSimulator.Build.0 = Debug|Any CPU
		{37DCE939-011D-4223-B7D9-0DA75A48DEFD}.Debug|iPhoneSimulator.Deploy.0 = Debug|Any CPU
		{37DCE939-011D-4223-B7D9-0DA75A48DEFD}.Debug|x64.ActiveCfg = Debug|Any CPU
		{37DCE939-011D-4223-B7D9-0DA75A48DEFD}.Debug|x64.Build.0 = Debug|Any CPU
		{37DCE939-011D-4223-B7D9-0DA75A48DEFD}.Debug|x64.Deploy.0 = Debug|Any CPU
		{37DCE939-011D-4223-B7D9-0DA75A48DEFD}.Debug|x86.ActiveCfg = Debug|Any CPU
		{37DCE939-011D-4223-B7D9-0DA75A48DEFD}.Debug|x86.Build.0 = Debug|Any CPU
		{37DCE939-011D-4223-B7D9-0DA75A48DEFD}.Debug|x86.Deploy.0 = Debug|Any CPU
		{37DCE939-011D-4223-B7D9-0DA75A48DEFD}.Release|Any CPU.ActiveCfg = Release|Any CPU
		{37DCE939-011D-4223-B7D9-0DA75A48DEFD}.Release|Any CPU.Build.0 = Release|Any CPU
		{37DCE939-011D-4223-B7D9-0DA75A48DEFD}.Release|Any CPU.Deploy.0 = Release|Any CPU
		{37DCE939-011D-4223-B7D9-0DA75A48DEFD}.Release|ARM.ActiveCfg = Release|Any CPU
		{37DCE939-011D-4223-B7D9-0DA75A48DEFD}.Release|ARM.Build.0 = Release|Any CPU
		{37DCE939-011D-4223-B7D9-0DA75A48DEFD}.Release|ARM.Deploy.0 = Release|Any CPU
		{37DCE939-011D-4223-B7D9-0DA75A48DEFD}.Release|iPhone.ActiveCfg = Release|Any CPU
		{37DCE939-011D-4223-B7D9-0DA75A48DEFD}.Release|iPhone.Build.0 = Release|Any CPU
		{37DCE939-011D-4223-B7D9-0DA75A48DEFD}.Release|iPhone.Deploy.0 = Release|Any CPU
		{37DCE939-011D-4223-B7D9-0DA75A48DEFD}.Release|iPhoneSimulator.ActiveCfg = Release|Any CPU
		{37DCE939-011D-4223-B7D9-0DA75A48DEFD}.Release|iPhoneSimulator.Build.0 = Release|Any CPU
		{37DCE939-011D-4223-B7D9-0DA75A48DEFD}.Release|iPhoneSimulator.Deploy.0 = Release|Any CPU
		{37DCE939-011D-4223-B7D9-0DA75A48DEFD}.Release|x64.ActiveCfg = Release|Any CPU
		{37DCE939-011D-4223-B7D9-0DA75A48DEFD}.Release|x64.Build.0 = Release|Any CPU
		{37DCE939-011D-4223-B7D9-0DA75A48DEFD}.Release|x64.Deploy.0 = Release|Any CPU
		{37DCE939-011D-4223-B7D9-0DA75A48DEFD}.Release|x86.ActiveCfg = Release|Any CPU
		{37DCE939-011D-4223-B7D9-0DA75A48DEFD}.Release|x86.Build.0 = Release|Any CPU
		{37DCE939-011D-4223-B7D9-0DA75A48DEFD}.Release|x86.Deploy.0 = Release|Any CPU
		{339C1BCE-3D13-4D33-9EA7-08CF345D80E1}.Ad-Hoc|Any CPU.ActiveCfg = Ad-Hoc|iPhone
		{339C1BCE-3D13-4D33-9EA7-08CF345D80E1}.Ad-Hoc|Any CPU.Build.0 = Ad-Hoc|iPhone
		{339C1BCE-3D13-4D33-9EA7-08CF345D80E1}.Ad-Hoc|Any CPU.Deploy.0 = Ad-Hoc|iPhone
		{339C1BCE-3D13-4D33-9EA7-08CF345D80E1}.Ad-Hoc|ARM.ActiveCfg = Ad-Hoc|iPhone
		{339C1BCE-3D13-4D33-9EA7-08CF345D80E1}.Ad-Hoc|ARM.Build.0 = Ad-Hoc|iPhone
		{339C1BCE-3D13-4D33-9EA7-08CF345D80E1}.Ad-Hoc|ARM.Deploy.0 = Ad-Hoc|iPhone
		{339C1BCE-3D13-4D33-9EA7-08CF345D80E1}.Ad-Hoc|iPhone.ActiveCfg = Ad-Hoc|iPhone
		{339C1BCE-3D13-4D33-9EA7-08CF345D80E1}.Ad-Hoc|iPhone.Build.0 = Ad-Hoc|iPhone
		{339C1BCE-3D13-4D33-9EA7-08CF345D80E1}.Ad-Hoc|iPhone.Deploy.0 = Ad-Hoc|iPhone
		{339C1BCE-3D13-4D33-9EA7-08CF345D80E1}.Ad-Hoc|iPhoneSimulator.ActiveCfg = Ad-Hoc|iPhoneSimulator
		{339C1BCE-3D13-4D33-9EA7-08CF345D80E1}.Ad-Hoc|iPhoneSimulator.Build.0 = Ad-Hoc|iPhoneSimulator
		{339C1BCE-3D13-4D33-9EA7-08CF345D80E1}.Ad-Hoc|iPhoneSimulator.Deploy.0 = Ad-Hoc|iPhoneSimulator
		{339C1BCE-3D13-4D33-9EA7-08CF345D80E1}.Ad-Hoc|x64.ActiveCfg = Ad-Hoc|iPhone
		{339C1BCE-3D13-4D33-9EA7-08CF345D80E1}.Ad-Hoc|x64.Build.0 = Ad-Hoc|iPhone
		{339C1BCE-3D13-4D33-9EA7-08CF345D80E1}.Ad-Hoc|x64.Deploy.0 = Ad-Hoc|iPhone
		{339C1BCE-3D13-4D33-9EA7-08CF345D80E1}.Ad-Hoc|x86.ActiveCfg = Ad-Hoc|iPhone
		{339C1BCE-3D13-4D33-9EA7-08CF345D80E1}.Ad-Hoc|x86.Build.0 = Ad-Hoc|iPhone
		{339C1BCE-3D13-4D33-9EA7-08CF345D80E1}.Ad-Hoc|x86.Deploy.0 = Ad-Hoc|iPhone
		{339C1BCE-3D13-4D33-9EA7-08CF345D80E1}.AppStore|Any CPU.ActiveCfg = AppStore|iPhone
		{339C1BCE-3D13-4D33-9EA7-08CF345D80E1}.AppStore|Any CPU.Build.0 = AppStore|iPhone
		{339C1BCE-3D13-4D33-9EA7-08CF345D80E1}.AppStore|Any CPU.Deploy.0 = AppStore|iPhone
		{339C1BCE-3D13-4D33-9EA7-08CF345D80E1}.AppStore|ARM.ActiveCfg = AppStore|iPhone
		{339C1BCE-3D13-4D33-9EA7-08CF345D80E1}.AppStore|ARM.Build.0 = AppStore|iPhone
		{339C1BCE-3D13-4D33-9EA7-08CF345D80E1}.AppStore|ARM.Deploy.0 = AppStore|iPhone
		{339C1BCE-3D13-4D33-9EA7-08CF345D80E1}.AppStore|iPhone.ActiveCfg = AppStore|iPhone
		{339C1BCE-3D13-4D33-9EA7-08CF345D80E1}.AppStore|iPhone.Build.0 = AppStore|iPhone
		{339C1BCE-3D13-4D33-9EA7-08CF345D80E1}.AppStore|iPhone.Deploy.0 = AppStore|iPhone
		{339C1BCE-3D13-4D33-9EA7-08CF345D80E1}.AppStore|iPhoneSimulator.ActiveCfg = AppStore|iPhoneSimulator
		{339C1BCE-3D13-4D33-9EA7-08CF345D80E1}.AppStore|iPhoneSimulator.Build.0 = AppStore|iPhoneSimulator
		{339C1BCE-3D13-4D33-9EA7-08CF345D80E1}.AppStore|iPhoneSimulator.Deploy.0 = AppStore|iPhoneSimulator
		{339C1BCE-3D13-4D33-9EA7-08CF345D80E1}.AppStore|x64.ActiveCfg = AppStore|iPhone
		{339C1BCE-3D13-4D33-9EA7-08CF345D80E1}.AppStore|x64.Build.0 = AppStore|iPhone
		{339C1BCE-3D13-4D33-9EA7-08CF345D80E1}.AppStore|x64.Deploy.0 = AppStore|iPhone
		{339C1BCE-3D13-4D33-9EA7-08CF345D80E1}.AppStore|x86.ActiveCfg = AppStore|iPhone
		{339C1BCE-3D13-4D33-9EA7-08CF345D80E1}.AppStore|x86.Build.0 = AppStore|iPhone
		{339C1BCE-3D13-4D33-9EA7-08CF345D80E1}.AppStore|x86.Deploy.0 = AppStore|iPhone
		{339C1BCE-3D13-4D33-9EA7-08CF345D80E1}.Debug|Any CPU.ActiveCfg = Debug|iPhoneSimulator
		{339C1BCE-3D13-4D33-9EA7-08CF345D80E1}.Debug|Any CPU.Build.0 = Debug|iPhoneSimulator
		{339C1BCE-3D13-4D33-9EA7-08CF345D80E1}.Debug|Any CPU.Deploy.0 = Debug|iPhoneSimulator
		{339C1BCE-3D13-4D33-9EA7-08CF345D80E1}.Debug|ARM.ActiveCfg = Debug|iPhone
		{339C1BCE-3D13-4D33-9EA7-08CF345D80E1}.Debug|ARM.Build.0 = Debug|iPhone
		{339C1BCE-3D13-4D33-9EA7-08CF345D80E1}.Debug|ARM.Deploy.0 = Debug|iPhone
		{339C1BCE-3D13-4D33-9EA7-08CF345D80E1}.Debug|iPhone.ActiveCfg = Debug|iPhone
		{339C1BCE-3D13-4D33-9EA7-08CF345D80E1}.Debug|iPhone.Build.0 = Debug|iPhone
		{339C1BCE-3D13-4D33-9EA7-08CF345D80E1}.Debug|iPhone.Deploy.0 = Debug|iPhone
		{339C1BCE-3D13-4D33-9EA7-08CF345D80E1}.Debug|iPhoneSimulator.ActiveCfg = Debug|iPhoneSimulator
		{339C1BCE-3D13-4D33-9EA7-08CF345D80E1}.Debug|iPhoneSimulator.Build.0 = Debug|iPhoneSimulator
		{339C1BCE-3D13-4D33-9EA7-08CF345D80E1}.Debug|iPhoneSimulator.Deploy.0 = Debug|iPhoneSimulator
		{339C1BCE-3D13-4D33-9EA7-08CF345D80E1}.Debug|x64.ActiveCfg = Debug|iPhone
		{339C1BCE-3D13-4D33-9EA7-08CF345D80E1}.Debug|x64.Build.0 = Debug|iPhone
		{339C1BCE-3D13-4D33-9EA7-08CF345D80E1}.Debug|x64.Deploy.0 = Debug|iPhone
		{339C1BCE-3D13-4D33-9EA7-08CF345D80E1}.Debug|x86.ActiveCfg = Debug|iPhone
		{339C1BCE-3D13-4D33-9EA7-08CF345D80E1}.Debug|x86.Build.0 = Debug|iPhone
		{339C1BCE-3D13-4D33-9EA7-08CF345D80E1}.Debug|x86.Deploy.0 = Debug|iPhone
		{339C1BCE-3D13-4D33-9EA7-08CF345D80E1}.Release|Any CPU.ActiveCfg = Release|iPhone
		{339C1BCE-3D13-4D33-9EA7-08CF345D80E1}.Release|Any CPU.Build.0 = Release|iPhone
		{339C1BCE-3D13-4D33-9EA7-08CF345D80E1}.Release|Any CPU.Deploy.0 = Release|iPhone
		{339C1BCE-3D13-4D33-9EA7-08CF345D80E1}.Release|ARM.ActiveCfg = Release|iPhone
		{339C1BCE-3D13-4D33-9EA7-08CF345D80E1}.Release|ARM.Build.0 = Release|iPhone
		{339C1BCE-3D13-4D33-9EA7-08CF345D80E1}.Release|ARM.Deploy.0 = Release|iPhone
		{339C1BCE-3D13-4D33-9EA7-08CF345D80E1}.Release|iPhone.ActiveCfg = Release|iPhone
		{339C1BCE-3D13-4D33-9EA7-08CF345D80E1}.Release|iPhone.Build.0 = Release|iPhone
		{339C1BCE-3D13-4D33-9EA7-08CF345D80E1}.Release|iPhone.Deploy.0 = Release|iPhone
		{339C1BCE-3D13-4D33-9EA7-08CF345D80E1}.Release|iPhoneSimulator.ActiveCfg = Release|iPhoneSimulator
		{339C1BCE-3D13-4D33-9EA7-08CF345D80E1}.Release|iPhoneSimulator.Build.0 = Release|iPhoneSimulator
		{339C1BCE-3D13-4D33-9EA7-08CF345D80E1}.Release|iPhoneSimulator.Deploy.0 = Release|iPhoneSimulator
		{339C1BCE-3D13-4D33-9EA7-08CF345D80E1}.Release|x64.ActiveCfg = Release|iPhone
		{339C1BCE-3D13-4D33-9EA7-08CF345D80E1}.Release|x64.Build.0 = Release|iPhone
		{339C1BCE-3D13-4D33-9EA7-08CF345D80E1}.Release|x64.Deploy.0 = Release|iPhone
		{339C1BCE-3D13-4D33-9EA7-08CF345D80E1}.Release|x86.ActiveCfg = Release|iPhone
		{339C1BCE-3D13-4D33-9EA7-08CF345D80E1}.Release|x86.Build.0 = Release|iPhone
		{339C1BCE-3D13-4D33-9EA7-08CF345D80E1}.Release|x86.Deploy.0 = Release|iPhone
		{24767125-09EC-4321-89B4-F62673AD6C9F}.Ad-Hoc|Any CPU.ActiveCfg = Release|x86
		{24767125-09EC-4321-89B4-F62673AD6C9F}.Ad-Hoc|Any CPU.Build.0 = Release|x86
		{24767125-09EC-4321-89B4-F62673AD6C9F}.Ad-Hoc|Any CPU.Deploy.0 = Release|x86
		{24767125-09EC-4321-89B4-F62673AD6C9F}.Ad-Hoc|ARM.ActiveCfg = Release|ARM
		{24767125-09EC-4321-89B4-F62673AD6C9F}.Ad-Hoc|ARM.Build.0 = Release|ARM
		{24767125-09EC-4321-89B4-F62673AD6C9F}.Ad-Hoc|ARM.Deploy.0 = Release|ARM
		{24767125-09EC-4321-89B4-F62673AD6C9F}.Ad-Hoc|iPhone.ActiveCfg = Release|x86
		{24767125-09EC-4321-89B4-F62673AD6C9F}.Ad-Hoc|iPhone.Build.0 = Release|x86
		{24767125-09EC-4321-89B4-F62673AD6C9F}.Ad-Hoc|iPhone.Deploy.0 = Release|x86
		{24767125-09EC-4321-89B4-F62673AD6C9F}.Ad-Hoc|iPhoneSimulator.ActiveCfg = Release|x86
		{24767125-09EC-4321-89B4-F62673AD6C9F}.Ad-Hoc|iPhoneSimulator.Build.0 = Release|x86
		{24767125-09EC-4321-89B4-F62673AD6C9F}.Ad-Hoc|iPhoneSimulator.Deploy.0 = Release|x86
		{24767125-09EC-4321-89B4-F62673AD6C9F}.Ad-Hoc|x64.ActiveCfg = Release|x64
		{24767125-09EC-4321-89B4-F62673AD6C9F}.Ad-Hoc|x64.Build.0 = Release|x64
		{24767125-09EC-4321-89B4-F62673AD6C9F}.Ad-Hoc|x64.Deploy.0 = Release|x64
		{24767125-09EC-4321-89B4-F62673AD6C9F}.Ad-Hoc|x86.ActiveCfg = Release|x86
		{24767125-09EC-4321-89B4-F62673AD6C9F}.Ad-Hoc|x86.Build.0 = Release|x86
		{24767125-09EC-4321-89B4-F62673AD6C9F}.Ad-Hoc|x86.Deploy.0 = Release|x86
		{24767125-09EC-4321-89B4-F62673AD6C9F}.AppStore|Any CPU.ActiveCfg = Release|x86
		{24767125-09EC-4321-89B4-F62673AD6C9F}.AppStore|Any CPU.Build.0 = Release|x86
		{24767125-09EC-4321-89B4-F62673AD6C9F}.AppStore|Any CPU.Deploy.0 = Release|x86
		{24767125-09EC-4321-89B4-F62673AD6C9F}.AppStore|ARM.ActiveCfg = Release|ARM
		{24767125-09EC-4321-89B4-F62673AD6C9F}.AppStore|ARM.Build.0 = Release|ARM
		{24767125-09EC-4321-89B4-F62673AD6C9F}.AppStore|ARM.Deploy.0 = Release|ARM
		{24767125-09EC-4321-89B4-F62673AD6C9F}.AppStore|iPhone.ActiveCfg = Release|x86
		{24767125-09EC-4321-89B4-F62673AD6C9F}.AppStore|iPhone.Build.0 = Release|x86
		{24767125-09EC-4321-89B4-F62673AD6C9F}.AppStore|iPhone.Deploy.0 = Release|x86
		{24767125-09EC-4321-89B4-F62673AD6C9F}.AppStore|iPhoneSimulator.ActiveCfg = Release|x86
		{24767125-09EC-4321-89B4-F62673AD6C9F}.AppStore|iPhoneSimulator.Build.0 = Release|x86
		{24767125-09EC-4321-89B4-F62673AD6C9F}.AppStore|iPhoneSimulator.Deploy.0 = Release|x86
		{24767125-09EC-4321-89B4-F62673AD6C9F}.AppStore|x64.ActiveCfg = Release|x64
		{24767125-09EC-4321-89B4-F62673AD6C9F}.AppStore|x64.Build.0 = Release|x64
		{24767125-09EC-4321-89B4-F62673AD6C9F}.AppStore|x64.Deploy.0 = Release|x64
		{24767125-09EC-4321-89B4-F62673AD6C9F}.AppStore|x86.ActiveCfg = Release|x86
		{24767125-09EC-4321-89B4-F62673AD6C9F}.AppStore|x86.Build.0 = Release|x86
		{24767125-09EC-4321-89B4-F62673AD6C9F}.AppStore|x86.Deploy.0 = Release|x86
		{24767125-09EC-4321-89B4-F62673AD6C9F}.Debug|Any CPU.ActiveCfg = Debug|x86
		{24767125-09EC-4321-89B4-F62673AD6C9F}.Debug|Any CPU.Build.0 = Debug|x86
		{24767125-09EC-4321-89B4-F62673AD6C9F}.Debug|Any CPU.Deploy.0 = Debug|x86
		{24767125-09EC-4321-89B4-F62673AD6C9F}.Debug|ARM.ActiveCfg = Debug|ARM
		{24767125-09EC-4321-89B4-F62673AD6C9F}.Debug|ARM.Build.0 = Debug|ARM
		{24767125-09EC-4321-89B4-F62673AD6C9F}.Debug|ARM.Deploy.0 = Debug|ARM
		{24767125-09EC-4321-89B4-F62673AD6C9F}.Debug|iPhone.ActiveCfg = Debug|x86
		{24767125-09EC-4321-89B4-F62673AD6C9F}.Debug|iPhone.Build.0 = Debug|x86
		{24767125-09EC-4321-89B4-F62673AD6C9F}.Debug|iPhone.Deploy.0 = Debug|x86
		{24767125-09EC-4321-89B4-F62673AD6C9F}.Debug|iPhoneSimulator.ActiveCfg = Debug|x86
		{24767125-09EC-4321-89B4-F62673AD6C9F}.Debug|iPhoneSimulator.Build.0 = Debug|x86
		{24767125-09EC-4321-89B4-F62673AD6C9F}.Debug|iPhoneSimulator.Deploy.0 = Debug|x86
		{24767125-09EC-4321-89B4-F62673AD6C9F}.Debug|x64.ActiveCfg = Debug|x64
		{24767125-09EC-4321-89B4-F62673AD6C9F}.Debug|x64.Build.0 = Debug|x64
		{24767125-09EC-4321-89B4-F62673AD6C9F}.Debug|x64.Deploy.0 = Debug|x64
		{24767125-09EC-4321-89B4-F62673AD6C9F}.Debug|x86.ActiveCfg = Debug|x86
		{24767125-09EC-4321-89B4-F62673AD6C9F}.Debug|x86.Build.0 = Debug|x86
		{24767125-09EC-4321-89B4-F62673AD6C9F}.Debug|x86.Deploy.0 = Debug|x86
		{24767125-09EC-4321-89B4-F62673AD6C9F}.Release|Any CPU.ActiveCfg = Release|x86
		{24767125-09EC-4321-89B4-F62673AD6C9F}.Release|Any CPU.Build.0 = Release|x86
		{24767125-09EC-4321-89B4-F62673AD6C9F}.Release|Any CPU.Deploy.0 = Release|x86
		{24767125-09EC-4321-89B4-F62673AD6C9F}.Release|ARM.ActiveCfg = Release|ARM
		{24767125-09EC-4321-89B4-F62673AD6C9F}.Release|ARM.Build.0 = Release|ARM
		{24767125-09EC-4321-89B4-F62673AD6C9F}.Release|ARM.Deploy.0 = Release|ARM
		{24767125-09EC-4321-89B4-F62673AD6C9F}.Release|iPhone.ActiveCfg = Release|x86
		{24767125-09EC-4321-89B4-F62673AD6C9F}.Release|iPhone.Build.0 = Release|x86
		{24767125-09EC-4321-89B4-F62673AD6C9F}.Release|iPhone.Deploy.0 = Release|x86
		{24767125-09EC-4321-89B4-F62673AD6C9F}.Release|iPhoneSimulator.ActiveCfg = Release|x86
		{24767125-09EC-4321-89B4-F62673AD6C9F}.Release|iPhoneSimulator.Build.0 = Release|x86
		{24767125-09EC-4321-89B4-F62673AD6C9F}.Release|iPhoneSimulator.Deploy.0 = Release|x86
		{24767125-09EC-4321-89B4-F62673AD6C9F}.Release|x64.ActiveCfg = Release|x64
		{24767125-09EC-4321-89B4-F62673AD6C9F}.Release|x64.Build.0 = Release|x64
		{24767125-09EC-4321-89B4-F62673AD6C9F}.Release|x64.Deploy.0 = Release|x64
		{24767125-09EC-4321-89B4-F62673AD6C9F}.Release|x86.ActiveCfg = Release|x86
		{24767125-09EC-4321-89B4-F62673AD6C9F}.Release|x86.Build.0 = Release|x86
		{24767125-09EC-4321-89B4-F62673AD6C9F}.Release|x86.Deploy.0 = Release|x86
		{FF329EFC-C388-48BF-B321-EA84478B60BB}.Ad-Hoc|Any CPU.ActiveCfg = Debug|Any CPU
		{FF329EFC-C388-48BF-B321-EA84478B60BB}.Ad-Hoc|Any CPU.Build.0 = Debug|Any CPU
		{FF329EFC-C388-48BF-B321-EA84478B60BB}.Ad-Hoc|Any CPU.Deploy.0 = Debug|Any CPU
		{FF329EFC-C388-48BF-B321-EA84478B60BB}.Ad-Hoc|ARM.ActiveCfg = Debug|Any CPU
		{FF329EFC-C388-48BF-B321-EA84478B60BB}.Ad-Hoc|ARM.Build.0 = Debug|Any CPU
		{FF329EFC-C388-48BF-B321-EA84478B60BB}.Ad-Hoc|ARM.Deploy.0 = Debug|Any CPU
		{FF329EFC-C388-48BF-B321-EA84478B60BB}.Ad-Hoc|iPhone.ActiveCfg = Debug|Any CPU
		{FF329EFC-C388-48BF-B321-EA84478B60BB}.Ad-Hoc|iPhone.Build.0 = Debug|Any CPU
		{FF329EFC-C388-48BF-B321-EA84478B60BB}.Ad-Hoc|iPhone.Deploy.0 = Debug|Any CPU
		{FF329EFC-C388-48BF-B321-EA84478B60BB}.Ad-Hoc|iPhoneSimulator.ActiveCfg = Debug|Any CPU
		{FF329EFC-C388-48BF-B321-EA84478B60BB}.Ad-Hoc|iPhoneSimulator.Build.0 = Debug|Any CPU
		{FF329EFC-C388-48BF-B321-EA84478B60BB}.Ad-Hoc|iPhoneSimulator.Deploy.0 = Debug|Any CPU
		{FF329EFC-C388-48BF-B321-EA84478B60BB}.Ad-Hoc|x64.ActiveCfg = Debug|Any CPU
		{FF329EFC-C388-48BF-B321-EA84478B60BB}.Ad-Hoc|x64.Build.0 = Debug|Any CPU
		{FF329EFC-C388-48BF-B321-EA84478B60BB}.Ad-Hoc|x64.Deploy.0 = Debug|Any CPU
		{FF329EFC-C388-48BF-B321-EA84478B60BB}.Ad-Hoc|x86.ActiveCfg = Debug|Any CPU
		{FF329EFC-C388-48BF-B321-EA84478B60BB}.Ad-Hoc|x86.Build.0 = Debug|Any CPU
		{FF329EFC-C388-48BF-B321-EA84478B60BB}.Ad-Hoc|x86.Deploy.0 = Debug|Any CPU
		{FF329EFC-C388-48BF-B321-EA84478B60BB}.AppStore|Any CPU.ActiveCfg = Debug|Any CPU
		{FF329EFC-C388-48BF-B321-EA84478B60BB}.AppStore|Any CPU.Build.0 = Debug|Any CPU
		{FF329EFC-C388-48BF-B321-EA84478B60BB}.AppStore|Any CPU.Deploy.0 = Debug|Any CPU
		{FF329EFC-C388-48BF-B321-EA84478B60BB}.AppStore|ARM.ActiveCfg = Debug|Any CPU
		{FF329EFC-C388-48BF-B321-EA84478B60BB}.AppStore|ARM.Build.0 = Debug|Any CPU
		{FF329EFC-C388-48BF-B321-EA84478B60BB}.AppStore|ARM.Deploy.0 = Debug|Any CPU
		{FF329EFC-C388-48BF-B321-EA84478B60BB}.AppStore|iPhone.ActiveCfg = Debug|Any CPU
		{FF329EFC-C388-48BF-B321-EA84478B60BB}.AppStore|iPhone.Build.0 = Debug|Any CPU
		{FF329EFC-C388-48BF-B321-EA84478B60BB}.AppStore|iPhone.Deploy.0 = Debug|Any CPU
		{FF329EFC-C388-48BF-B321-EA84478B60BB}.AppStore|iPhoneSimulator.ActiveCfg = Debug|Any CPU
		{FF329EFC-C388-48BF-B321-EA84478B60BB}.AppStore|iPhoneSimulator.Build.0 = Debug|Any CPU
		{FF329EFC-C388-48BF-B321-EA84478B60BB}.AppStore|iPhoneSimulator.Deploy.0 = Debug|Any CPU
		{FF329EFC-C388-48BF-B321-EA84478B60BB}.AppStore|x64.ActiveCfg = Debug|Any CPU
		{FF329EFC-C388-48BF-B321-EA84478B60BB}.AppStore|x64.Build.0 = Debug|Any CPU
		{FF329EFC-C388-48BF-B321-EA84478B60BB}.AppStore|x64.Deploy.0 = Debug|Any CPU
		{FF329EFC-C388-48BF-B321-EA84478B60BB}.AppStore|x86.ActiveCfg = Debug|Any CPU
		{FF329EFC-C388-48BF-B321-EA84478B60BB}.AppStore|x86.Build.0 = Debug|Any CPU
		{FF329EFC-C388-48BF-B321-EA84478B60BB}.AppStore|x86.Deploy.0 = Debug|Any CPU
		{FF329EFC-C388-48BF-B321-EA84478B60BB}.Debug|Any CPU.ActiveCfg = Debug|Any CPU
		{FF329EFC-C388-48BF-B321-EA84478B60BB}.Debug|Any CPU.Build.0 = Debug|Any CPU
		{FF329EFC-C388-48BF-B321-EA84478B60BB}.Debug|Any CPU.Deploy.0 = Debug|Any CPU
		{FF329EFC-C388-48BF-B321-EA84478B60BB}.Debug|ARM.ActiveCfg = Debug|Any CPU
		{FF329EFC-C388-48BF-B321-EA84478B60BB}.Debug|ARM.Build.0 = Debug|Any CPU
		{FF329EFC-C388-48BF-B321-EA84478B60BB}.Debug|ARM.Deploy.0 = Debug|Any CPU
		{FF329EFC-C388-48BF-B321-EA84478B60BB}.Debug|iPhone.ActiveCfg = Debug|Any CPU
		{FF329EFC-C388-48BF-B321-EA84478B60BB}.Debug|iPhone.Build.0 = Debug|Any CPU
		{FF329EFC-C388-48BF-B321-EA84478B60BB}.Debug|iPhone.Deploy.0 = Debug|Any CPU
		{FF329EFC-C388-48BF-B321-EA84478B60BB}.Debug|iPhoneSimulator.ActiveCfg = Debug|Any CPU
		{FF329EFC-C388-48BF-B321-EA84478B60BB}.Debug|iPhoneSimulator.Build.0 = Debug|Any CPU
		{FF329EFC-C388-48BF-B321-EA84478B60BB}.Debug|iPhoneSimulator.Deploy.0 = Debug|Any CPU
		{FF329EFC-C388-48BF-B321-EA84478B60BB}.Debug|x64.ActiveCfg = Debug|Any CPU
		{FF329EFC-C388-48BF-B321-EA84478B60BB}.Debug|x64.Build.0 = Debug|Any CPU
		{FF329EFC-C388-48BF-B321-EA84478B60BB}.Debug|x64.Deploy.0 = Debug|Any CPU
		{FF329EFC-C388-48BF-B321-EA84478B60BB}.Debug|x86.ActiveCfg = Debug|Any CPU
		{FF329EFC-C388-48BF-B321-EA84478B60BB}.Debug|x86.Build.0 = Debug|Any CPU
		{FF329EFC-C388-48BF-B321-EA84478B60BB}.Debug|x86.Deploy.0 = Debug|Any CPU
		{FF329EFC-C388-48BF-B321-EA84478B60BB}.Release|Any CPU.ActiveCfg = Release|Any CPU
		{FF329EFC-C388-48BF-B321-EA84478B60BB}.Release|Any CPU.Build.0 = Release|Any CPU
		{FF329EFC-C388-48BF-B321-EA84478B60BB}.Release|Any CPU.Deploy.0 = Release|Any CPU
		{FF329EFC-C388-48BF-B321-EA84478B60BB}.Release|ARM.ActiveCfg = Release|Any CPU
		{FF329EFC-C388-48BF-B321-EA84478B60BB}.Release|ARM.Build.0 = Release|Any CPU
		{FF329EFC-C388-48BF-B321-EA84478B60BB}.Release|ARM.Deploy.0 = Release|Any CPU
		{FF329EFC-C388-48BF-B321-EA84478B60BB}.Release|iPhone.ActiveCfg = Release|Any CPU
		{FF329EFC-C388-48BF-B321-EA84478B60BB}.Release|iPhone.Build.0 = Release|Any CPU
		{FF329EFC-C388-48BF-B321-EA84478B60BB}.Release|iPhone.Deploy.0 = Release|Any CPU
		{FF329EFC-C388-48BF-B321-EA84478B60BB}.Release|iPhoneSimulator.ActiveCfg = Release|Any CPU
		{FF329EFC-C388-48BF-B321-EA84478B60BB}.Release|iPhoneSimulator.Build.0 = Release|Any CPU
		{FF329EFC-C388-48BF-B321-EA84478B60BB}.Release|iPhoneSimulator.Deploy.0 = Release|Any CPU
		{FF329EFC-C388-48BF-B321-EA84478B60BB}.Release|x64.ActiveCfg = Release|Any CPU
		{FF329EFC-C388-48BF-B321-EA84478B60BB}.Release|x64.Build.0 = Release|Any CPU
		{FF329EFC-C388-48BF-B321-EA84478B60BB}.Release|x64.Deploy.0 = Release|Any CPU
		{FF329EFC-C388-48BF-B321-EA84478B60BB}.Release|x86.ActiveCfg = Release|Any CPU
		{FF329EFC-C388-48BF-B321-EA84478B60BB}.Release|x86.Build.0 = Release|Any CPU
		{FF329EFC-C388-48BF-B321-EA84478B60BB}.Release|x86.Deploy.0 = Release|Any CPU
	EndGlobalSection
	GlobalSection(SolutionProperties) = preSolution
		HideSolutionNode = FALSE
	EndGlobalSection
	GlobalSection(ExtensibilityGlobals) = postSolution
		SolutionGuid = {0E2A8D6F-06C8-4F46-AE12-5D8FBF384496}
	EndGlobalSection
EndGlobal
